{
  "object": {
    "pins": [
      {
        "package": "JBigInt",
        "repositoryURL": "https://github.com/jayhomzhou/JBigInt",
        "state": {
          "branch": null,
          "revision": "fc77987b6bf74af96abdcc545fa70dbf841deb8a",
          "version": "1.0.1"
        }
      }
    ]
  },
  "version": 1
}
